{
  "name": "homebridge-plugin-samsung-air-conditioner",
  "version": "1.0.1",
  "lockfileVersion": 1,
  "requires": true,
  "dependencies": {
    "carrier": {
      "version": "0.3.0",
      "resolved": "https://registry.npmjs.org/carrier/-/carrier-0.3.0.tgz",
      "integrity": "sha1-vSldHTp1JMrGPdd5uSnuIqNiutQ="
    },
    "nanoid": {
      "version": "1.2.6",
      "resolved": "https://registry.npmjs.org/nanoid/-/nanoid-1.2.6.tgz",
      "integrity": "sha512-um9vXiM407BaRbBNa0aKPzFBSD2fDbVmmA9TzCWWlxZvEBzTbixM7ss6GDS4G/cNMYeZSNFx5SzAgWoG1uHU9g=="
    },
    "shortid": {
      "version": "2.2.13",
      "resolved": "https://registry.npmjs.org/shortid/-/shortid-2.2.13.tgz",
      "integrity": "sha512-dBuNnQGKrJNfjunmXI2X7bl1gnMO4PwbNxrTzO1JvilODmL7WyyCtA+DYxe9XunLXmxmgzFIvKPQ6XRAQrr46Q==",
      "requires": {
        "nanoid": "1.2.6"
      }
    }
  }
}
